{
  "name": "browser impl",
  "lockfileVersion": 3,
  "requires": true,
  "packages": {
    "": {
      "dependencies": {
        "@mjyc/opencv.js": "^1.0.0"
      }
    },
    "node_modules/@mjyc/opencv.js": {
      "version": "1.0.0",
      "resolved": "https://registry.npmjs.org/@mjyc/opencv.js/-/opencv.js-1.0.0.tgz",
      "integrity": "sha512-cvha6+WgnzaPiBVtnrzmTAdhGAkttMOnVDFnMzOH5vwbVlJblpKFgK/aqTUqVEDh6ff6Hs6uJFSm75zaGPRPmg=="
    }
  }
}
